
Microsoft Visual Studio Solution File, Format Version 12.00
# Visual Studio Version 17
VisualStudioVersion = 17.14.36429.23
MinimumVisualStudioVersion = 10.0.40219.1
Project("{FAE04EC0-301F-11D3-BF4B-00C04F79EFBC}") = "Tracking.Tests", "11.11.2025\Tracking.Tests.csproj", "{B39101B1-AD7A-7C78-34CD-6AB05044F4AE}"
EndProject
Project("{FAE04EC0-301F-11D3-BF4B-00C04F79EFBC}") = "Task 2", "Task 2\Task 2.csproj", "{4C721323-6F27-6DCD-0967-CE743F93502F}"
EndProject
Project("{FAE04EC0-301F-11D3-BF4B-00C04F79EFBC}") = "Task 3", "Test 3\Task 3.csproj", "{907C90CD-3508-4C9C-801E-C37CBE6ED04A}"
EndProject
Global
	GlobalSection(SolutionConfigurationPlatforms) = preSolution
		Debug|Any CPU = Debug|Any CPU
		Release|Any CPU = Release|Any CPU
	EndGlobalSection
	GlobalSection(ProjectConfigurationPlatforms) = postSolution
		{B39101B1-AD7A-7C78-34CD-6AB05044F4AE}.Debug|Any CPU.ActiveCfg = Debug|Any CPU
		{B39101B1-AD7A-7C78-34CD-6AB05044F4AE}.Debug|Any CPU.Build.0 = Debug|Any CPU
		{B39101B1-AD7A-7C78-34CD-6AB05044F4AE}.Release|Any CPU.ActiveCfg = Release|Any CPU
		{B39101B1-AD7A-7C78-34CD-6AB05044F4AE}.Release|Any CPU.Build.0 = Release|Any CPU
		{4C721323-6F27-6DCD-0967-CE743F93502F}.Debug|Any CPU.ActiveCfg = Debug|Any CPU
		{4C721323-6F27-6DCD-0967-CE743F93502F}.Debug|Any CPU.Build.0 = Debug|Any CPU
		{4C721323-6F27-6DCD-0967-CE743F93502F}.Release|Any CPU.ActiveCfg = Release|Any CPU
		{4C721323-6F27-6DCD-0967-CE743F93502F}.Release|Any CPU.Build.0 = Release|Any CPU
		{907C90CD-3508-4C9C-801E-C37CBE6ED04A}.Debug|Any CPU.ActiveCfg = Debug|Any CPU
		{907C90CD-3508-4C9C-801E-C37CBE6ED04A}.Debug|Any CPU.Build.0 = Debug|Any CPU
		{907C90CD-3508-4C9C-801E-C37CBE6ED04A}.Release|Any CPU.ActiveCfg = Release|Any CPU
		{907C90CD-3508-4C9C-801E-C37CBE6ED04A}.Release|Any CPU.Build.0 = Release|Any CPU
	EndGlobalSection
	GlobalSection(SolutionProperties) = preSolution
		HideSolutionNode = FALSE
	EndGlobalSection
	GlobalSection(ExtensibilityGlobals) = postSolution
		SolutionGuid = {5653FF05-06C2-413C-A69A-AE78367B60EE}
	EndGlobalSection
EndGlobal
